
Microsoft Visual Studio Solution File, Format Version 12.00
# Visual Studio Version 16
VisualStudioVersion = 16.0.30204.135
MinimumVisualStudioVersion = 10.0.40219.1
Project("{FAE04EC0-301F-11D3-BF4B-00C04F79EFBC}") = "Paytech.CodingInterview.API", "Paytech.CodingInterview.API\Paytech.CodingInterview.API.csproj", "{244954E2-0A37-49A2-97DF-A21BF8FDB4EE}"
EndProject
Global
	GlobalSection(SolutionConfigurationPlatforms) = preSolution
		Debug|Any CPU = Debug|Any CPU
		Release|Any CPU = Release|Any CPU
	EndGlobalSection
	GlobalSection(ProjectConfigurationPlatforms) = postSolution
		{244954E2-0A37-49A2-97DF-A21BF8FDB4EE}.Debug|Any CPU.ActiveCfg = Debug|Any CPU
		{244954E2-0A37-49A2-97DF-A21BF8FDB4EE}.Debug|Any CPU.Build.0 = Debug|Any CPU
		{244954E2-0A37-49A2-97DF-A21BF8FDB4EE}.Release|Any CPU.ActiveCfg = Release|Any CPU
		{244954E2-0A37-49A2-97DF-A21BF8FDB4EE}.Release|Any CPU.Build.0 = Release|Any CPU
	EndGlobalSection
	GlobalSection(SolutionProperties) = preSolution
		HideSolutionNode = FALSE
	EndGlobalSection
	GlobalSection(ExtensibilityGlobals) = postSolution
		SolutionGuid = {A639E9D8-C1D6-4071-9A39-C3A58C4C8A67}
	EndGlobalSection
EndGlobal
